
Microsoft Visual Studio Solution File, Format Version 12.00
# Visual Studio Version 16
VisualStudioVersion = 16.0.29613.14
MinimumVisualStudioVersion = 10.0.40219.1
Project("{FAE04EC0-301F-11D3-BF4B-00C04F79EFBC}") = "JoshPlowmanResume", "JoshPlowmanResume\JoshPlowmanResume.csproj", "{7911DEA0-D89D-4192-9620-2C4D31E66B69}"
EndProject
Global
	GlobalSection(SolutionConfigurationPlatforms) = preSolution
		Debug|Any CPU = Debug|Any CPU
		Release|Any CPU = Release|Any CPU
	EndGlobalSection
	GlobalSection(ProjectConfigurationPlatforms) = postSolution
		{7911DEA0-D89D-4192-9620-2C4D31E66B69}.Debug|Any CPU.ActiveCfg = Debug|Any CPU
		{7911DEA0-D89D-4192-9620-2C4D31E66B69}.Debug|Any CPU.Build.0 = Debug|Any CPU
		{7911DEA0-D89D-4192-9620-2C4D31E66B69}.Release|Any CPU.ActiveCfg = Release|Any CPU
		{7911DEA0-D89D-4192-9620-2C4D31E66B69}.Release|Any CPU.Build.0 = Release|Any CPU
	EndGlobalSection
	GlobalSection(SolutionProperties) = preSolution
		HideSolutionNode = FALSE
	EndGlobalSection
	GlobalSection(ExtensibilityGlobals) = postSolution
		SolutionGuid = {46E8EE40-F225-4A8F-AFED-3C70E5D1E7E4}
	EndGlobalSection
EndGlobal
